// !$*UTF8*$!
{
	archiveVersion = 1;
	classes = {
	};
	objectVersion = 46;
	objects = {

/* Begin PBXBuildFile section */
		0E29CD2D1ECF52BA004671F8 /* mvoice_swiftTests.swift in Sources */ = {isa = PBXBuildFile; fileRef = 0E29CD2C1ECF52BA004671F8 /* mvoice_swiftTests.swift */; };
		0E29CD381ECF52BA004671F8 /* mvoice_swiftUITests.swift in Sources */ = {isa = PBXBuildFile; fileRef = 0E29CD371ECF52BA004671F8 /* mvoice_swiftUITests.swift */; };
		0E6C99B41ED357A600843ABB /* AppDelegate.swift in Sources */ = {isa = PBXBuildFile; fileRef = 0E6C99A91ED357A600843ABB /* AppDelegate.swift */; };
		0E6C99B51ED357A700843ABB /* Info.plist in Resources */ = {isa = PBXBuildFile; fileRef = 0E6C99AA1ED357A600843ABB /* Info.plist */; };
		0E6C99B61ED357A700843ABB /* Assets.xcassets in Resources */ = {isa = PBXBuildFile; fileRef = 0E6C99AC1ED357A600843ABB /* Assets.xcassets */; };
		0E6C99B71ED357A700843ABB /* ViewController.swift in Sources */ = {isa = PBXBuildFile; fileRef = 0E6C99AE1ED357A600843ABB /* ViewController.swift */; };
		0E6C99B81ED357A700843ABB /* LaunchScreen.storyboard in Resources */ = {isa = PBXBuildFile; fileRef = 0E6C99B01ED357A600843ABB /* LaunchScreen.storyboard */; };
		0E6C99B91ED357A700843ABB /* Main.storyboard in Resources */ = {isa = PBXBuildFile; fileRef = 0E6C99B21ED357A600843ABB /* Main.storyboard */; };
/* End PBXBuildFile section */

/* Begin PBXContainerItemProxy section */
		0E29CD291ECF52BA004671F8 /* PBXContainerItemProxy */ = {
			isa = PBXContainerItemProxy;
			containerPortal = 0E29CD0C1ECF52BA004671F8 /* Project object */;
			proxyType = 1;
			remoteGlobalIDString = 0E29CD131ECF52BA004671F8;
			remoteInfo = "mvoice-swift";
		};
		0E29CD341ECF52BA004671F8 /* PBXContainerItemProxy */ = {
			isa = PBXContainerItemProxy;
			containerPortal = 0E29CD0C1ECF52BA004671F8 /* Project object */;
			proxyType = 1;
			remoteGlobalIDString = 0E29CD131ECF52BA004671F8;
			remoteInfo = "mvoice-swift";
		};
/* End PBXContainerItemProxy section */

/* Begin PBXFileReference section */
		0E29CD141ECF52BA004671F8 /* mvoice-swift.app */ = {isa = PBXFileReference; explicitFileType = wrapper.application; includeInIndex = 0; path = "mvoice-swift.app"; sourceTree = BUILT_PRODUCTS_DIR; };
		0E29CD281ECF52BA004671F8 /* mvoice-swiftTests.xctest */ = {isa = PBXFileReference; explicitFileType = wrapper.cfbundle; includeInIndex = 0; path = "mvoice-swiftTests.xctest"; sourceTree = BUILT_PRODUCTS_DIR; };
		0E29CD2C1ECF52BA004671F8 /* mvoice_swiftTests.swift */ = {isa = PBXFileReference; lastKnownFileType = sourcecode.swift; path = mvoice_swiftTests.swift; sourceTree = "<group>"; };
		0E29CD2E1ECF52BA004671F8 /* Info.plist */ = {isa = PBXFileReference; lastKnownFileType = text.plist.xml; path = Info.plist; sourceTree = "<group>"; };
		0E29CD331ECF52BA004671F8 /* mvoice-swiftUITests.xctest */ = {isa = PBXFileReference; explicitFileType = wrapper.cfbundle; includeInIndex = 0; path = "mvoice-swiftUITests.xctest"; sourceTree = BUILT_PRODUCTS_DIR; };
		0E29CD371ECF52BA004671F8 /* mvoice_swiftUITests.swift */ = {isa = PBXFileReference; lastKnownFileType = sourcecode.swift; path = mvoice_swiftUITests.swift; sourceTree = "<group>"; };
		0E29CD391ECF52BA004671F8 /* Info.plist */ = {isa = PBXFileReference; lastKnownFileType = text.plist.xml; path = Info.plist; sourceTree = "<group>"; };
		0E6C99A91ED357A600843ABB /* AppDelegate.swift */ = {isa = PBXFileReference; fileEncoding = 4; lastKnownFileType = sourcecode.swift; path = AppDelegate.swift; sourceTree = "<group>"; };
		0E6C99AA1ED357A600843ABB /* Info.plist */ = {isa = PBXFileReference; fileEncoding = 4; lastKnownFileType = text.plist.xml; path = Info.plist; sourceTree = "<group>"; };
		0E6C99AC1ED357A600843ABB /* Assets.xcassets */ = {isa = PBXFileReference; lastKnownFileType = folder.assetcatalog; path = Assets.xcassets; sourceTree = "<group>"; };
		0E6C99AE1ED357A600843ABB /* ViewController.swift */ = {isa = PBXFileReference; fileEncoding = 4; lastKnownFileType = sourcecode.swift; path = ViewController.swift; sourceTree = "<group>"; };
		0E6C99B11ED357A600843ABB /* Base */ = {isa = PBXFileReference; lastKnownFileType = file.storyboard; name = Base; path = Base.lproj/LaunchScreen.storyboard; sourceTree = "<group>"; };
		0E6C99B31ED357A600843ABB /* Base */ = {isa = PBXFileReference; lastKnownFileType = file.storyboard; name = Base; path = Base.lproj/Main.storyboard; sourceTree = "<group>"; };
/* End PBXFileReference section */

/* Begin PBXFrameworksBuildPhase section */
		0E29CD111ECF52BA004671F8 /* Frameworks */ = {
			isa = PBXFrameworksBuildPhase;
			buildActionMask = 2147483647;
			files = (
			);
			runOnlyForDeploymentPostprocessing = 0;
		};
		0E29CD251ECF52BA004671F8 /* Frameworks */ = {
			isa = PBXFrameworksBuildPhase;
			buildActionMask = 2147483647;
			files = (
			);
			runOnlyForDeploymentPostprocessing = 0;
		};
		0E29CD301ECF52BA004671F8 /* Frameworks */ = {
			isa = PBXFrameworksBuildPhase;
			buildActionMask = 2147483647;
			files = (
			);
			runOnlyForDeploymentPostprocessing = 0;
		};
/* End PBXFrameworksBuildPhase section */

/* Begin PBXGroup section */
		0E29CD0B1ECF52BA004671F8 = {
			isa = PBXGroup;
			children = (
				0E29CD161ECF52BA004671F8 /* mvoice-swift */,
				0E29CD2B1ECF52BA004671F8 /* mvoice-swiftTests */,
				0E29CD361ECF52BA004671F8 /* mvoice-swiftUITests */,
				0E29CD151ECF52BA004671F8 /* Products */,
			);
			sourceTree = "<group>";
		};
		0E29CD151ECF52BA004671F8 /* Products */ = {
			isa = PBXGroup;
			children = (
				0E29CD141ECF52BA004671F8 /* mvoice-swift.app */,
				0E29CD281ECF52BA004671F8 /* mvoice-swiftTests.xctest */,
				0E29CD331ECF52BA004671F8 /* mvoice-swiftUITests.xctest */,
			);
			name = Products;
			sourceTree = "<group>";
		};
		0E29CD161ECF52BA004671F8 /* mvoice-swift */ = {
			isa = PBXGroup;
			children = (
				0E6C99A71ED357A600843ABB /* Common */,
				0E6C99A81ED357A600843ABB /* Main */,
				0E6C99AB1ED357A600843ABB /* Resource */,
				0E6C99AD1ED357A600843ABB /* Scenario */,
				0E6C99AF1ED357A600843ABB /* Storyboard */,
			);
			path = "mvoice-swift";
			sourceTree = "<group>";
		};
		0E29CD2B1ECF52BA004671F8 /* mvoice-swiftTests */ = {
			isa = PBXGroup;
			children = (
				0E29CD2C1ECF52BA004671F8 /* mvoice_swiftTests.swift */,
				0E29CD2E1ECF52BA004671F8 /* Info.plist */,
			);
			path = "mvoice-swiftTests";
			sourceTree = "<group>";
		};
		0E29CD361ECF52BA004671F8 /* mvoice-swiftUITests */ = {
			isa = PBXGroup;
			children = (
				0E29CD371ECF52BA004671F8 /* mvoice_swiftUITests.swift */,
				0E29CD391ECF52BA004671F8 /* Info.plist */,
			);
			path = "mvoice-swiftUITests";
			sourceTree = "<group>";
		};
		0E6C99A71ED357A600843ABB /* Common */ = {
			isa = PBXGroup;
			children = (
			);
			path = Common;
			sourceTree = "<group>";
		};
		0E6C99A81ED357A600843ABB /* Main */ = {
			isa = PBXGroup;
			children = (
				0E6C99A91ED357A600843ABB /* AppDelegate.swift */,
				0E6C99AA1ED357A600843ABB /* Info.plist */,
			);
			path = Main;
			sourceTree = "<group>";
		};
		0E6C99AB1ED357A600843ABB /* Resource */ = {
			isa = PBXGroup;
			children = (
				0E6C99AC1ED357A600843ABB /* Assets.xcassets */,
			);
			path = Resource;
			sourceTree = "<group>";
		};
		0E6C99AD1ED357A600843ABB /* Scenario */ = {
			isa = PBXGroup;
			children = (
				0E6C99AE1ED357A600843ABB /* ViewController.swift */,
			);
			path = Scenario;
			sourceTree = "<group>";
		};
		0E6C99AF1ED357A600843ABB /* Storyboard */ = {
			isa = PBXGroup;
			children = (
				0E6C99B01ED357A600843ABB /* LaunchScreen.storyboard */,
				0E6C99B21ED357A600843ABB /* Main.storyboard */,
			);
			path = Storyboard;
			sourceTree = "<group>";
		};
/* End PBXGroup section */

/* Begin PBXNativeTarget section */
		0E29CD131ECF52BA004671F8 /* mvoice-swift */ = {
			isa = PBXNativeTarget;
			buildConfigurationList = 0E29CD3C1ECF52BA004671F8 /* Build configuration list for PBXNativeTarget "mvoice-swift" */;
			buildPhases = (
				0E29CD101ECF52BA004671F8 /* Sources */,
				0E29CD111ECF52BA004671F8 /* Frameworks */,
				0E29CD121ECF52BA004671F8 /* Resources */,
			);
			buildRules = (
			);
			dependencies = (
			);
			name = "mvoice-swift";
			productName = "mvoice-swift";
			productReference = 0E29CD141ECF52BA004671F8 /* mvoice-swift.app */;
			productType = "com.apple.product-type.application";
		};
		0E29CD271ECF52BA004671F8 /* mvoice-swiftTests */ = {
			isa = PBXNativeTarget;
			buildConfigurationList = 0E29CD3F1ECF52BA004671F8 /* Build configuration list for PBXNativeTarget "mvoice-swiftTests" */;
			buildPhases = (
				0E29CD241ECF52BA004671F8 /* Sources */,
				0E29CD251ECF52BA004671F8 /* Frameworks */,
				0E29CD261ECF52BA004671F8 /* Resources */,
			);
			buildRules = (
			);
			dependencies = (
				0E29CD2A1ECF52BA004671F8 /* PBXTargetDependency */,
			);
			name = "mvoice-swiftTests";
			productName = "mvoice-swiftTests";
			productReference = 0E29CD281ECF52BA004671F8 /* mvoice-swiftTests.xctest */;
			productType = "com.apple.product-type.bundle.unit-test";
		};
		0E29CD321ECF52BA004671F8 /* mvoice-swiftUITests */ = {
			isa = PBXNativeTarget;
			buildConfigurationList = 0E29CD421ECF52BA004671F8 /* Build configuration list for PBXNativeTarget "mvoice-swiftUITests" */;
			buildPhases = (
				0E29CD2F1ECF52BA004671F8 /* Sources */,
				0E29CD301ECF52BA004671F8 /* Frameworks */,
				0E29CD311ECF52BA004671F8 /* Resources */,
			);
			buildRules = (
			);
			dependencies = (
				0E29CD351ECF52BA004671F8 /* PBXTargetDependency */,
			);
			name = "mvoice-swiftUITests";
			productName = "mvoice-swiftUITests";
			productReference = 0E29CD331ECF52BA004671F8 /* mvoice-swiftUITests.xctest */;
			productType = "com.apple.product-type.bundle.ui-testing";
		};
/* End PBXNativeTarget section */

/* Begin PBXProject section */
		0E29CD0C1ECF52BA004671F8 /* Project object */ = {
			isa = PBXProject;
			attributes = {
				LastSwiftUpdateCheck = 0830;
				LastUpgradeCheck = 0830;
				ORGANIZATIONNAME = NY;
				TargetAttributes = {
					0E29CD131ECF52BA004671F8 = {
						CreatedOnToolsVersion = 8.3;
						DevelopmentTeam = P66P3CXU58;
						ProvisioningStyle = Manual;
					};
					0E29CD271ECF52BA004671F8 = {
						CreatedOnToolsVersion = 8.3;
						DevelopmentTeam = P66P3CXU58;
						ProvisioningStyle = Automatic;
						TestTargetID = 0E29CD131ECF52BA004671F8;
					};
					0E29CD321ECF52BA004671F8 = {
						CreatedOnToolsVersion = 8.3;
						DevelopmentTeam = P66P3CXU58;
						ProvisioningStyle = Automatic;
						TestTargetID = 0E29CD131ECF52BA004671F8;
					};
				};
			};
			buildConfigurationList = 0E29CD0F1ECF52BA004671F8 /* Build configuration list for PBXProject "mvoice-swift" */;
			compatibilityVersion = "Xcode 3.2";
			developmentRegion = English;
			hasScannedForEncodings = 0;
			knownRegions = (
				en,
				Base,
			);
			mainGroup = 0E29CD0B1ECF52BA004671F8;
			productRefGroup = 0E29CD151ECF52BA004671F8 /* Products */;
			projectDirPath = "";
			projectRoot = "";
			targets = (
				0E29CD131ECF52BA004671F8 /* mvoice-swift */,
				0E29CD271ECF52BA004671F8 /* mvoice-swiftTests */,
				0E29CD321ECF52BA004671F8 /* mvoice-swiftUITests */,
			);
		};
/* End PBXProject section */

/* Begin PBXResourcesBuildPhase section */
		0E29CD121ECF52BA004671F8 /* Resources */ = {
			isa = PBXResourcesBuildPhase;
			buildActionMask = 2147483647;
			files = (
				0E6C99B81ED357A700843ABB /* LaunchScreen.storyboard in Resources */,
				0E6C99B61ED357A700843ABB /* Assets.xcassets in Resources */,
				0E6C99B51ED357A700843ABB /* Info.plist in Resources */,
				0E6C99B91ED357A700843ABB /* Main.storyboard in Resources */,
			);
			runOnlyForDeploymentPostprocessing = 0;
		};
		0E29CD261ECF52BA004671F8 /* Resources */ = {
			isa = PBXResourcesBuildPhase;
			buildActionMask = 2147483647;
			files = (
			);
			runOnlyForDeploymentPostprocessing = 0;
		};
		0E29CD311ECF52BA004671F8 /* Resources */ = {
			isa = PBXResourcesBuildPhase;
			buildActionMask = 2147483647;
			files = (
			);
			runOnlyForDeploymentPostprocessing = 0;
		};
/* End PBXResourcesBuildPhase section */

/* Begin PBXSourcesBuildPhase section */
		0E29CD101ECF52BA004671F8 /* Sources */ = {
			isa = PBXSourcesBuildPhase;
			buildActionMask = 2147483647;
			files = (
				0E6C99B71ED357A700843ABB /* ViewController.swift in Sources */,
				0E6C99B41ED357A600843ABB /* AppDelegate.swift in Sources */,
			);
			runOnlyForDeploymentPostprocessing = 0;
		};
		0E29CD241ECF52BA004671F8 /* Sources */ = {
			isa = PBXSourcesBuildPhase;
			buildActionMask = 2147483647;
			files = (
				0E29CD2D1ECF52BA004671F8 /* mvoice_swiftTests.swift in Sources */,
			);
			runOnlyForDeploymentPostprocessing = 0;
		};
		0E29CD2F1ECF52BA004671F8 /* Sources */ = {
			isa = PBXSourcesBuildPhase;
			buildActionMask = 2147483647;
			files = (
				0E29CD381ECF52BA004671F8 /* mvoice_swiftUITests.swift in Sources */,
			);
			runOnlyForDeploymentPostprocessing = 0;
		};
/* End PBXSourcesBuildPhase section */

/* Begin PBXTargetDependency section */
		0E29CD2A1ECF52BA004671F8 /* PBXTargetDependency */ = {
			isa = PBXTargetDependency;
			target = 0E29CD131ECF52BA004671F8 /* mvoice-swift */;
			targetProxy = 0E29CD291ECF52BA004671F8 /* PBXContainerItemProxy */;
		};
		0E29CD351ECF52BA004671F8 /* PBXTargetDependency */ = {
			isa = PBXTargetDependency;
			target = 0E29CD131ECF52BA004671F8 /* mvoice-swift */;
			targetProxy = 0E29CD341ECF52BA004671F8 /* PBXContainerItemProxy */;
		};
/* End PBXTargetDependency section */

/* Begin PBXVariantGroup section */
		0E6C99B01ED357A600843ABB /* LaunchScreen.storyboard */ = {
			isa = PBXVariantGroup;
			children = (
				0E6C99B11ED357A600843ABB /* Base */,
			);
			name = LaunchScreen.storyboard;
			sourceTree = "<group>";
		};
		0E6C99B21ED357A600843ABB /* Main.storyboard */ = {
			isa = PBXVariantGroup;
			children = (
				0E6C99B31ED357A600843ABB /* Base */,
			);
			name = Main.storyboard;
			sourceTree = "<group>";
		};
/* End PBXVariantGroup section */

/* Begin XCBuildConfiguration section */
		0E29CD3A1ECF52BA004671F8 /* Debug */ = {
			isa = XCBuildConfiguration;
			buildSettings = {
				ALWAYS_SEARCH_USER_PATHS = NO;
				CLANG_ANALYZER_NONNULL = YES;
				CLANG_ANALYZER_NUMBER_OBJECT_CONVERSION = YES_AGGRESSIVE;
				CLANG_CXX_LANGUAGE_STANDARD = "gnu++0x";
				CLANG_CXX_LIBRARY = "libc++";
				CLANG_ENABLE_MODULES = YES;
				CLANG_ENABLE_OBJC_ARC = YES;
				CLANG_WARN_BOOL_CONVERSION = YES;
				CLANG_WARN_CONSTANT_CONVERSION = YES;
				CLANG_WARN_DIRECT_OBJC_ISA_USAGE = YES_ERROR;
				CLANG_WARN_DOCUMENTATION_COMMENTS = YES;
				CLANG_WARN_EMPTY_BODY = YES;
				CLANG_WARN_ENUM_CONVERSION = YES;
				CLANG_WARN_INFINITE_RECURSION = YES;
				CLANG_WARN_INT_CONVERSION = YES;
				CLANG_WARN_OBJC_ROOT_CLASS = YES_ERROR;
				CLANG_WARN_SUSPICIOUS_MOVE = YES;
				CLANG_WARN_UNREACHABLE_CODE = YES;
				CLANG_WARN__DUPLICATE_METHOD_MATCH = YES;
				"CODE_SIGN_IDENTITY[sdk=iphoneos*]" = "iPhone Developer";
				COPY_PHASE_STRIP = NO;
				DEBUG_INFORMATION_FORMAT = dwarf;
				ENABLE_STRICT_OBJC_MSGSEND = YES;
				ENABLE_TESTABILITY = YES;
				GCC_C_LANGUAGE_STANDARD = gnu99;
				GCC_DYNAMIC_NO_PIC = NO;
				GCC_NO_COMMON_BLOCKS = YES;
				GCC_OPTIMIZATION_LEVEL = 0;
				GCC_PREPROCESSOR_DEFINITIONS = (
					"DEBUG=1",
					"$(inherited)",
				);
				GCC_WARN_64_TO_32_BIT_CONVERSION = YES;
				GCC_WARN_ABOUT_RETURN_TYPE = YES_ERROR;
				GCC_WARN_UNDECLARED_SELECTOR = YES;
				GCC_WARN_UNINITIALIZED_AUTOS = YES_AGGRESSIVE;
				GCC_WARN_UNUSED_FUNCTION = YES;
				GCC_WARN_UNUSED_VARIABLE = YES;
				IPHONEOS_DEPLOYMENT_TARGET = 10.3;
				MTL_ENABLE_DEBUG_INFO = YES;
				ONLY_ACTIVE_ARCH = YES;
				SDKROOT = iphoneos;
				SWIFT_ACTIVE_COMPILATION_CONDITIONS = DEBUG;
				SWIFT_OPTIMIZATION_LEVEL = "-Onone";
				TARGETED_DEVICE_FAMILY = "1,2";
			};
			name = Debug;
		};
		0E29CD3B1ECF52BA004671F8 /* Release */ = {
			isa = XCBuildConfiguration;
			buildSettings = {
				ALWAYS_SEARCH_USER_PATHS = NO;
				CLANG_ANALYZER_NONNULL = YES;
				CLANG_ANALYZER_NUMBER_OBJECT_CONVERSION = YES_AGGRESSIVE;
				CLANG_CXX_LANGUAGE_STANDARD = "gnu++0x";
				CLANG_CXX_LIBRARY = "libc++";
				CLANG_ENABLE_MODULES = YES;
				CLANG_ENABLE_OBJC_ARC = YES;
				CLANG_WARN_BOOL_CONVERSION = YES;
				CLANG_WARN_CONSTANT_CONVERSION = YES;
				CLANG_WARN_DIRECT_OBJC_ISA_USAGE = YES_ERROR;
				CLANG_WARN_DOCUMENTATION_COMMENTS = YES;
				CLANG_WARN_EMPTY_BODY = YES;
				CLANG_WARN_ENUM_CONVERSION = YES;
				CLANG_WARN_INFINITE_RECURSION = YES;
				CLANG_WARN_INT_CONVERSION = YES;
				CLANG_WARN_OBJC_ROOT_CLASS = YES_ERROR;
				CLANG_WARN_SUSPICIOUS_MOVE = YES;
				CLANG_WARN_UNREACHABLE_CODE = YES;
				CLANG_WARN__DUPLICATE_METHOD_MATCH = YES;
				"CODE_SIGN_IDENTITY[sdk=iphoneos*]" = "iPhone Developer";
				COPY_PHASE_STRIP = NO;
				DEBUG_INFORMATION_FORMAT = "dwarf-with-dsym";
				ENABLE_NS_ASSERTIONS = NO;
				ENABLE_STRICT_OBJC_MSGSEND = YES;
				GCC_C_LANGUAGE_STANDARD = gnu99;
				GCC_NO_COMMON_BLOCKS = YES;
				GCC_WARN_64_TO_32_BIT_CONVERSION = YES;
				GCC_WARN_ABOUT_RETURN_TYPE = YES_ERROR;
				GCC_WARN_UNDECLARED_SELECTOR = YES;
				GCC_WARN_UNINITIALIZED_AUTOS = YES_AGGRESSIVE;
				GCC_WARN_UNUSED_FUNCTION = YES;
				GCC_WARN_UNUSED_VARIABLE = YES;
				IPHONEOS_DEPLOYMENT_TARGET = 10.3;
				MTL_ENABLE_DEBUG_INFO = NO;
				SDKROOT = iphoneos;
				SWIFT_OPTIMIZATION_LEVEL = "-Owholemodule";
				TARGETED_DEVICE_FAMILY = "1,2";
				VALIDATE_PRODUCT = YES;
			};
			name = Release;
		};
		0E29CD3D1ECF52BA004671F8 /* Debug */ = {
			isa = XCBuildConfiguration;
			buildSettings = {
				ASSETCATALOG_COMPILER_APPICON_NAME = AppIcon;
				DEVELOPMENT_TEAM = P66P3CXU58;
				INFOPLIST_FILE = "$(SRCROOT)/mvoice-swift/Main/Info.plist";
				IPHONEOS_DEPLOYMENT_TARGET = 8.0;
				LD_RUNPATH_SEARCH_PATHS = "$(inherited) @executable_path/Frameworks";
				PRODUCT_BUNDLE_IDENTIFIER = "that.boring.bear.mvoice-swift";
				PRODUCT_NAME = "$(TARGET_NAME)";
				PROVISIONING_PROFILE = "5c815b63-c2a3-4a33-a660-e7efc3c978b9";
				PROVISIONING_PROFILE_SPECIFIER = wild_that_boring_bear_provinsioning_profile;
				SWIFT_VERSION = 3.0;
				TARGETED_DEVICE_FAMILY = "1,2";
			};
			name = Debug;
		};
		0E29CD3E1ECF52BA004671F8 /* Release */ = {
			isa = XCBuildConfiguration;
			buildSettings = {
				ASSETCATALOG_COMPILER_APPICON_NAME = AppIcon;
				DEVELOPMENT_TEAM = P66P3CXU58;
				INFOPLIST_FILE = "$(SRCROOT)/mvoice-swift/Main/Info.plist";
				IPHONEOS_DEPLOYMENT_TARGET = 8.0;
				LD_RUNPATH_SEARCH_PATHS = "$(inherited) @executable_path/Frameworks";
				PRODUCT_BUNDLE_IDENTIFIER = "that.boring.bear.mvoice-swift";
				PRODUCT_NAME = "$(TARGET_NAME)";
				PROVISIONING_PROFILE = "5c815b63-c2a3-4a33-a660-e7efc3c978b9";
				PROVISIONING_PROFILE_SPECIFIER = wild_that_boring_bear_provinsioning_profile;
				SWIFT_VERSION = 3.0;
				TARGETED_DEVICE_FAMILY = "1,2";
			};
			name = Release;
		};
		0E29CD401ECF52BA004671F8 /* Debug */ = {
			isa = XCBuildConfiguration;
			buildSettings = {
				ALWAYS_EMBED_SWIFT_STANDARD_LIBRARIES = YES;
				BUNDLE_LOADER = "$(TEST_HOST)";
				DEVELOPMENT_TEAM = P66P3CXU58;
				INFOPLIST_FILE = "mvoice-swiftTests/Info.plist";
				LD_RUNPATH_SEARCH_PATHS = "$(inherited) @executable_path/Frameworks @loader_path/Frameworks";
				PRODUCT_BUNDLE_IDENTIFIER = "that.boring.bear.mvoice-swiftTests";
				PRODUCT_NAME = "$(TARGET_NAME)";
				SWIFT_VERSION = 3.0;
				TEST_HOST = "$(BUILT_PRODUCTS_DIR)/mvoice-swift.app/mvoice-swift";
			};
			name = Debug;
		};
		0E29CD411ECF52BA004671F8 /* Release */ = {
			isa = XCBuildConfiguration;
			buildSettings = {
				ALWAYS_EMBED_SWIFT_STANDARD_LIBRARIES = YES;
				BUNDLE_LOADER = "$(TEST_HOST)";
				DEVELOPMENT_TEAM = P66P3CXU58;
				INFOPLIST_FILE = "mvoice-swiftTests/Info.plist";
				LD_RUNPATH_SEARCH_PATHS = "$(inherited) @executable_path/Frameworks @loader_path/Frameworks";
				PRODUCT_BUNDLE_IDENTIFIER = "that.boring.bear.mvoice-swiftTests";
				PRODUCT_NAME = "$(TARGET_NAME)";
				SWIFT_VERSION = 3.0;
				TEST_HOST = "$(BUILT_PRODUCTS_DIR)/mvoice-swift.app/mvoice-swift";
			};
			name = Release;
		};
		0E29CD431ECF52BA004671F8 /* Debug */ = {
			isa = XCBuildConfiguration;
			buildSettings = {
				ALWAYS_EMBED_SWIFT_STANDARD_LIBRARIES = YES;
				DEVELOPMENT_TEAM = P66P3CXU58;
				INFOPLIST_FILE = "mvoice-swiftUITests/Info.plist";
				LD_RUNPATH_SEARCH_PATHS = "$(inherited) @executable_path/Frameworks @loader_path/Frameworks";
				PRODUCT_BUNDLE_IDENTIFIER = "that.boring.bear.mvoice-swiftUITests";
				PRODUCT_NAME = "$(TARGET_NAME)";
				SWIFT_VERSION = 3.0;
				TEST_TARGET_NAME = "mvoice-swift";
			};
			name = Debug;
		};
		0E29CD441ECF52BA004671F8 /* Release */ = {
			isa = XCBuildConfiguration;
			buildSettings = {
				ALWAYS_EMBED_SWIFT_STANDARD_LIBRARIES = YES;
				DEVELOPMENT_TEAM = P66P3CXU58;
				INFOPLIST_FILE = "mvoice-swiftUITests/Info.plist";
				LD_RUNPATH_SEARCH_PATHS = "$(inherited) @executable_path/Frameworks @loader_path/Frameworks";
				PRODUCT_BUNDLE_IDENTIFIER = "that.boring.bear.mvoice-swiftUITests";
				PRODUCT_NAME = "$(TARGET_NAME)";
				SWIFT_VERSION = 3.0;
				TEST_TARGET_NAME = "mvoice-swift";
			};
			name = Release;
		};
/* End XCBuildConfiguration section */

/* Begin XCConfigurationList section */
		0E29CD0F1ECF52BA004671F8 /* Build configuration list for PBXProject "mvoice-swift" */ = {
			isa = XCConfigurationList;
			buildConfigurations = (
				0E29CD3A1ECF52BA004671F8 /* Debug */,
				0E29CD3B1ECF52BA004671F8 /* Release */,
			);
			defaultConfigurationIsVisible = 0;
			defaultConfigurationName = Release;
		};
		0E29CD3C1ECF52BA004671F8 /* Build configuration list for PBXNativeTarget "mvoice-swift" */ = {
			isa = XCConfigurationList;
			buildConfigurations = (
				0E29CD3D1ECF52BA004671F8 /* Debug */,
				0E29CD3E1ECF52BA004671F8 /* Release */,
			);
			defaultConfigurationIsVisible = 0;
			defaultConfigurationName = Release;
		};
		0E29CD3F1ECF52BA004671F8 /* Build configuration list for PBXNativeTarget "mvoice-swiftTests" */ = {
			isa = XCConfigurationList;
			buildConfigurations = (
				0E29CD401ECF52BA004671F8 /* Debug */,
				0E29CD411ECF52BA004671F8 /* Release */,
			);
			defaultConfigurationIsVisible = 0;
			defaultConfigurationName = Release;
		};
		0E29CD421ECF52BA004671F8 /* Build configuration list for PBXNativeTarget "mvoice-swiftUITests" */ = {
			isa = XCConfigurationList;
			buildConfigurations = (
				0E29CD431ECF52BA004671F8 /* Debug */,
				0E29CD441ECF52BA004671F8 /* Release */,
			);
			defaultConfigurationIsVisible = 0;
			defaultConfigurationName = Release;
		};
/* End XCConfigurationList section */
	};
	rootObject = 0E29CD0C1ECF52BA004671F8 /* Project object */;
}
